
Microsoft Visual Studio Solution File, Format Version 12.00
Project("{8BC9CEB8-8B4A-11D0-8D11-00A0C91BC942}") = "learn-opengl", "learn-opengl\learn-opengl.vcxproj", "{D3A7C7B7-A78B-494A-9925-5129E8AFE3FD}"
EndProject
Global
	GlobalSection(SolutionConfigurationPlatforms) = preSolution
		Debug|Any CPU = Debug|Any CPU
		Release|Any CPU = Release|Any CPU
	EndGlobalSection
	GlobalSection(ProjectConfigurationPlatforms) = postSolution
		{D3A7C7B7-A78B-494A-9925-5129E8AFE3FD}.Release|Any CPU.ActiveCfg = Release|Win32
		{D3A7C7B7-A78B-494A-9925-5129E8AFE3FD}.Release|Any CPU.Build.0 = Release|Win32
		{D3A7C7B7-A78B-494A-9925-5129E8AFE3FD}.Debug|Any CPU.ActiveCfg = Debug|x64
		{D3A7C7B7-A78B-494A-9925-5129E8AFE3FD}.Debug|Any CPU.Build.0 = Debug|x64
	EndGlobalSection
EndGlobal
